
Microsoft Visual Studio Solution File, Format Version 12.00
# Visual Studio Version 16
VisualStudioVersion = 16.0.29403.142
MinimumVisualStudioVersion = 10.0.40219.1
Project("{FAE04EC0-301F-11D3-BF4B-00C04F79EFBC}") = "Lab1", "Lab1\Lab1.csproj", "{7E10DC72-5865-4CFE-991A-B0719D6E3969}"
EndProject
Project("{FAE04EC0-301F-11D3-BF4B-00C04F79EFBC}") = "StackTests", "StackTests\StackTests.csproj", "{B23A8663-7D4C-437A-96AD-D68CF4CE3B20}"
EndProject
Global
	GlobalSection(SolutionConfigurationPlatforms) = preSolution
		Debug|Any CPU = Debug|Any CPU
		Release|Any CPU = Release|Any CPU
	EndGlobalSection
	GlobalSection(ProjectConfigurationPlatforms) = postSolution
		{7E10DC72-5865-4CFE-991A-B0719D6E3969}.Debug|Any CPU.ActiveCfg = Debug|Any CPU
		{7E10DC72-5865-4CFE-991A-B0719D6E3969}.Debug|Any CPU.Build.0 = Debug|Any CPU
		{7E10DC72-5865-4CFE-991A-B0719D6E3969}.Release|Any CPU.ActiveCfg = Release|Any CPU
		{7E10DC72-5865-4CFE-991A-B0719D6E3969}.Release|Any CPU.Build.0 = Release|Any CPU
		{B23A8663-7D4C-437A-96AD-D68CF4CE3B20}.Debug|Any CPU.ActiveCfg = Debug|Any CPU
		{B23A8663-7D4C-437A-96AD-D68CF4CE3B20}.Debug|Any CPU.Build.0 = Debug|Any CPU
		{B23A8663-7D4C-437A-96AD-D68CF4CE3B20}.Release|Any CPU.ActiveCfg = Release|Any CPU
		{B23A8663-7D4C-437A-96AD-D68CF4CE3B20}.Release|Any CPU.Build.0 = Release|Any CPU
	EndGlobalSection
	GlobalSection(SolutionProperties) = preSolution
		HideSolutionNode = FALSE
	EndGlobalSection
	GlobalSection(ExtensibilityGlobals) = postSolution
		SolutionGuid = {5019B209-0062-496A-8A51-409915FC5BDB}
	EndGlobalSection
EndGlobal
